
Microsoft Visual Studio Solution File, Format Version 12.00
# Visual Studio 15
VisualStudioVersion = 15.0.27703.2000
MinimumVisualStudioVersion = 10.0.40219.1
Project("{FAE04EC0-301F-11D3-BF4B-00C04F79EFBC}") = "WpfDoc", "WpfDoc\WpfDoc.csproj", "{A7020AA7-510A-49D7-94D3-8EF41F5918F5}"
EndProject
Global
	GlobalSection(SolutionConfigurationPlatforms) = preSolution
		Debug|Any CPU = Debug|Any CPU
		Release|Any CPU = Release|Any CPU
	EndGlobalSection
	GlobalSection(ProjectConfigurationPlatforms) = postSolution
		{A7020AA7-510A-49D7-94D3-8EF41F5918F5}.Debug|Any CPU.ActiveCfg = Debug|Any CPU
		{A7020AA7-510A-49D7-94D3-8EF41F5918F5}.Debug|Any CPU.Build.0 = Debug|Any CPU
		{A7020AA7-510A-49D7-94D3-8EF41F5918F5}.Release|Any CPU.ActiveCfg = Release|Any CPU
		{A7020AA7-510A-49D7-94D3-8EF41F5918F5}.Release|Any CPU.Build.0 = Release|Any CPU
	EndGlobalSection
	GlobalSection(SolutionProperties) = preSolution
		HideSolutionNode = FALSE
	EndGlobalSection
	GlobalSection(ExtensibilityGlobals) = postSolution
		SolutionGuid = {65C5AF6E-E5D0-4C96-B256-74523A08E391}
	EndGlobalSection
EndGlobal
